<?xml version="1.0" encoding="utf-8"?>
<Project ToolsVersion="4.0" xmlns="http://schemas.microsoft.com/developer/msbuild/2003">
  <ItemGroup>
    <Filter Include="Lupus">
      <UniqueIdentifier>{BE5AA00D-2A6F-C8BE-F3F0-6B1E5FC4C4EF}</UniqueIdentifier>
    </Filter>
    <Filter Include="Lupus\Events">
      <UniqueIdentifier>{E2C4C8C2-CE27-5867-77AD-901D63EF23EA}</UniqueIdentifier>
    </Filter>
  </ItemGroup>
  <ItemGroup>
    <ClInclude Include="src\Lupus.h" />
    <ClInclude Include="src\Lupus\Application.h">
      <Filter>Lupus</Filter>
    </ClInclude>
    <ClInclude Include="src\Lupus\Core.h">
      <Filter>Lupus</Filter>
    </ClInclude>
    <ClInclude Include="src\Lupus\EntryPoint.h">
      <Filter>Lupus</Filter>
    </ClInclude>
    <ClInclude Include="src\Lupus\Events\ApplicationEvent.h">
      <Filter>Lupus\Events</Filter>
    </ClInclude>
    <ClInclude Include="src\Lupus\Events\Event.h">
      <Filter>Lupus\Events</Filter>
    </ClInclude>
    <ClInclude Include="src\Lupus\Events\KeyEvent.h">
      <Filter>Lupus\Events</Filter>
    </ClInclude>
    <ClInclude Include="src\Lupus\Events\MouseEvent.h">
      <Filter>Lupus\Events</Filter>
    </ClInclude>
    <ClInclude Include="src\Lupus\Log.h">
      <Filter>Lupus</Filter>
    </ClInclude>
    <ClInclude Include="src\lppch.h" />
  </ItemGroup>
  <ItemGroup>
    <ClCompile Include="src\Lupus\Application.cpp">
      <Filter>Lupus</Filter>
    </ClCompile>
    <ClCompile Include="src\Lupus\Log.cpp">
      <Filter>Lupus</Filter>
    </ClCompile>
    <ClCompile Include="src\lppch.cpp" />
  </ItemGroup>
</Project>